{
  "version": 4,
  "terraform_version": "1.9.4",
  "serial": 73,
  "lineage": "88cfd2da-cd37-8ee2-5b9d-30e30b1c4f54",
  "outputs": {},
  "resources": [
    {
      "mode": "managed",
      "type": "yandex_compute_instance",
      "name": "test",
      "provider": "provider[\"registry.terraform.io/yandex-cloud/yandex\"]",
      "instances": [
        {
          "schema_version": 1,
          "attributes": {
            "allow_recreate": null,
            "allow_stopping_for_update": null,
            "boot_disk": [
              {
                "auto_delete": true,
                "device_name": "fhmd1cetl8ef37qkqvsd",
                "disk_id": "fhmd1cetl8ef37qkqvsd",
                "initialize_params": [
                  {
                    "block_size": 4096,
                    "description": "",
                    "image_id": "fd80hokdubc6pj50kvsd",
                    "name": "root-test",
                    "size": 10,
                    "snapshot_id": "",
                    "type": "network-ssd"
                  }
                ],
                "mode": "READ_WRITE"
              }
            ],
            "created_at": "2024-08-20T14:41:39Z",
            "description": "",
            "filesystem": [],
            "folder_id": "b1g7s4qb8hqp6g3qjesb",
            "fqdn": "test.ru-central1.internal",
            "gpu_cluster_id": "",
            "hostname": "test",
            "id": "fhm59rqo6ogic8ssmq0c",
            "labels": {},
            "local_disk": [],
            "maintenance_grace_period": "",
            "maintenance_policy": null,
            "metadata": {
              "user-data": "#cloud-config\nusers:\n  - name: test\n    groups: sudo\n    shell: /bin/bash\n    sudo: ['ALL=(ALL) NOPASSWD:ALL']\n    ssh_authorized_keys:\n      - ssh-rsa AAAAB3NzaC1yc2EAAAADAQABAAABgQDTvjF43Fcmh9Mmj6UBzck60cdtlEOoDfyfpGqYnzdaKq/u98W3wGW5nmbJFFQ948CglWVDTHxeBYxA9LHLhv3nkblmTyaUKsVomjvr3VYRoNQKBe+skgUPNoXGRetDdV4VTDcjx29KWBG3mgUaMGCYhVcLTKwZcS9rd96wVoqznGdgqdioF3IBcrZoAswf1avKxP84PpOOtQfZ+eNKWqN/RkVITE5zq1+JnSxjTZ3gOaEhHcdqFaVURJW1CvNXQJxlBqrNDfF+yxnk7aiMRgvhWyiuTUHPQ1ksPizGYcT6sUnUO3s7+f7i4pcmwEMiXlohA2VJ/9Rfehd5UZUADZm7gp3N7AT2HGH9nQPEMyG5LSPwP0n72Hl/0LzhBEBH4M9U8uDgzQI1FLfi6fXvjONY+MCOjYpcBBbQzGxOBMLKYCxfAzurNZy7spYl7xdL8ZxwOhkTUJST7shrggihAOgYWDsB6yQtrlTPER60iIsxxnMV08RCKhOCj2/HTu6GsMM="
            },
            "metadata_options": [
              {
                "aws_v1_http_endpoint": 1,
                "aws_v1_http_token": 2,
                "gce_http_endpoint": 1,
                "gce_http_token": 1
              }
            ],
            "name": "test",
            "network_acceleration_type": "standard",
            "network_interface": [
              {
                "dns_record": [],
                "index": 0,
                "ip_address": "192.168.101.10",
                "ipv4": true,
                "ipv6": false,
                "ipv6_address": "",
                "ipv6_dns_record": [],
                "mac_address": "d0:0d:54:ef:58:36",
                "nat": true,
                "nat_dns_record": [],
                "nat_ip_address": "84.201.129.70",
                "nat_ip_version": "IPV4",
                "security_group_ids": [],
                "subnet_id": "e9bkubt1qm05scd8787r"
              }
            ],
            "placement_policy": [
              {
                "host_affinity_rules": [],
                "placement_group_id": "",
                "placement_group_partition": 0
              }
            ],
            "platform_id": "standard-v1",
            "resources": [
              {
                "core_fraction": 100,
                "cores": 2,
                "gpus": 0,
                "memory": 4
              }
            ],
            "scheduling_policy": [
              {
                "preemptible": false
              }
            ],
            "secondary_disk": [],
            "service_account_id": "",
            "status": "running",
            "timeouts": null,
            "zone": "ru-central1-a"
          },
          "sensitive_attributes": [],
          "private": "eyJlMmJmYjczMC1lY2FhLTExZTYtOGY4OC0zNDM2M2JjN2M0YzAiOnsiY3JlYXRlIjozMDAwMDAwMDAwMDAsImRlbGV0ZSI6MzAwMDAwMDAwMDAwLCJ1cGRhdGUiOjMwMDAwMDAwMDAwMH0sInNjaGVtYV92ZXJzaW9uIjoiMSJ9",
          "dependencies": [
            "yandex_vpc_network.my_net",
            "yandex_vpc_subnet.my_subnet"
          ]
        }
      ]
    },
    {
      "mode": "managed",
      "type": "yandex_vpc_network",
      "name": "my_net",
      "provider": "provider[\"registry.terraform.io/yandex-cloud/yandex\"]",
      "instances": [
        {
          "schema_version": 0,
          "attributes": {
            "created_at": "2024-08-20T14:41:36Z",
            "default_security_group_id": "enp91v2g52jkr8u78fr4",
            "description": "",
            "folder_id": "b1g7s4qb8hqp6g3qjesb",
            "id": "enp1n2k1vauafeb37qbl",
            "labels": {},
            "name": "net",
            "subnet_ids": [
              "e9bkubt1qm05scd8787r"
            ],
            "timeouts": null
          },
          "sensitive_attributes": [],
          "private": "eyJlMmJmYjczMC1lY2FhLTExZTYtOGY4OC0zNDM2M2JjN2M0YzAiOnsiY3JlYXRlIjo2MDAwMDAwMDAwMCwiZGVsZXRlIjo2MDAwMDAwMDAwMCwidXBkYXRlIjo2MDAwMDAwMDAwMH19"
        }
      ]
    },
    {
      "mode": "managed",
      "type": "yandex_vpc_subnet",
      "name": "my_subnet",
      "provider": "provider[\"registry.terraform.io/yandex-cloud/yandex\"]",
      "instances": [
        {
          "schema_version": 0,
          "attributes": {
            "created_at": "2024-08-20T14:41:38Z",
            "description": "",
            "dhcp_options": [],
            "folder_id": "b1g7s4qb8hqp6g3qjesb",
            "id": "e9bkubt1qm05scd8787r",
            "labels": {},
            "name": "subnet_b",
            "network_id": "enp1n2k1vauafeb37qbl",
            "route_table_id": "",
            "timeouts": null,
            "v4_cidr_blocks": [
              "192.168.101.0/24"
            ],
            "v6_cidr_blocks": [],
            "zone": "ru-central1-a"
          },
          "sensitive_attributes": [],
          "private": "eyJlMmJmYjczMC1lY2FhLTExZTYtOGY4OC0zNDM2M2JjN2M0YzAiOnsiY3JlYXRlIjoxODAwMDAwMDAwMDAsImRlbGV0ZSI6MTgwMDAwMDAwMDAwLCJ1cGRhdGUiOjE4MDAwMDAwMDAwMH19",
          "dependencies": [
            "yandex_vpc_network.my_net"
          ]
        }
      ]
    }
  ],
  "check_results": null
}
